
Microsoft Visual Studio Solution File, Format Version 12.00
# Visual Studio 2013
VisualStudioVersion = 12.0.31101.0
MinimumVisualStudioVersion = 10.0.40219.1
Project("{FAE04EC0-301F-11D3-BF4B-00C04F79EFBC}") = "Configuratively", "Configuratively\Configuratively.csproj", "{EA01ABBA-89E1-48E1-BBEC-E9072FAF2516}"
EndProject
Project("{2150E333-8FDC-42A3-9474-1A3956D46DE8}") = "Solution Items", "Solution Items", "{FEA623B0-B1D7-4EC0-A6CD-F28047082335}"
	ProjectSection(SolutionItems) = preProject
		..\_testRepo\classic-scenario\simple-mapping.cfg = ..\_testRepo\classic-scenario\simple-mapping.cfg
	EndProjectSection
EndProject
Project("{FAE04EC0-301F-11D3-BF4B-00C04F79EFBC}") = "Configuratively.Tests", "Configuratively.Tests\Configuratively.Tests.csproj", "{42A1A7AE-680F-4C7D-9B8D-4AA36CF58522}"
EndProject
Global
	GlobalSection(SolutionConfigurationPlatforms) = preSolution
		Debug|Any CPU = Debug|Any CPU
		Release|Any CPU = Release|Any CPU
	EndGlobalSection
	GlobalSection(ProjectConfigurationPlatforms) = postSolution
		{EA01ABBA-89E1-48E1-BBEC-E9072FAF2516}.Debug|Any CPU.ActiveCfg = Debug|Any CPU
		{EA01ABBA-89E1-48E1-BBEC-E9072FAF2516}.Debug|Any CPU.Build.0 = Debug|Any CPU
		{EA01ABBA-89E1-48E1-BBEC-E9072FAF2516}.Release|Any CPU.ActiveCfg = Release|Any CPU
		{EA01ABBA-89E1-48E1-BBEC-E9072FAF2516}.Release|Any CPU.Build.0 = Release|Any CPU
		{42A1A7AE-680F-4C7D-9B8D-4AA36CF58522}.Debug|Any CPU.ActiveCfg = Debug|Any CPU
		{42A1A7AE-680F-4C7D-9B8D-4AA36CF58522}.Debug|Any CPU.Build.0 = Debug|Any CPU
		{42A1A7AE-680F-4C7D-9B8D-4AA36CF58522}.Release|Any CPU.ActiveCfg = Release|Any CPU
		{42A1A7AE-680F-4C7D-9B8D-4AA36CF58522}.Release|Any CPU.Build.0 = Release|Any CPU
	EndGlobalSection
	GlobalSection(SolutionProperties) = preSolution
		HideSolutionNode = FALSE
	EndGlobalSection
EndGlobal
